{
  "Rakefile:3486103165": [
    [189, 1, 16, "Rake/Desc: Describe the task with `desc` method.", 850263259]
  ],
  "lib/resque/unique_by_arity.rb:235557074": [
    [12, 7, 81, "Style/SafeNavigation: Use safe navigation (`&.`) instead of checking if an object exists before calling the method.", 4060336930],
    [24, 13, 14, "ThreadSafety/ClassInstanceVariable: Avoid class instance variables.", 4002963285],
    [33, 7, 28, "ThreadSafety/ClassAndModuleAttributes: Avoid mutating class and module attributes.", 3570445562]
  ],
  "lib/resque/unique_by_arity/configuration.rb:2174306853": [
    [31, 92, 6, "Style/GlobalStdStream: Use `$stdout` instead of `STDOUT`.", 3356722952],
    [56, 34, 6, "Style/GlobalStdStream: Use `$stdout` instead of `STDOUT`.", 3356722952],
    [136, 7, 15, "Lint/DuplicateMethods: Method `Resque::UniqueByArity::Configuration#debug_mode=` is defined at both lib/resque/unique_by_arity/configuration.rb:28 and lib/resque/unique_by_arity/configuration.rb:136.", 3724036658]
  ],
  "lib/resque/unique_by_arity/global_configuration.rb:2556171955": [
    [50, 34, 6, "Style/GlobalStdStream: Use `$stdout` instead of `STDOUT`.", 3356722952]
  ],
  "lib/resque/unique_by_arity/unique_job.rb:2650552201": [
    [22, 9, 81, "Style/SafeNavigation: Use safe navigation (`&.`) instead of checking if an object exists before calling the method.", 4060336930],
    [38, 9, 39, "ThreadSafety/ClassAndModuleAttributes: Avoid mutating class and module attributes.", 4180139101]
  ],
  "spec/resque/plugins/unique_by_arity_spec.rb:3443431882": [
    [29, 16, 7, "RSpec/NamedSubject: Name your test subject if you need to reference it explicitly.", 1892732441],
    [29, 50, 7, "RSpec/NamedSubject: Name your test subject if you need to reference it explicitly.", 1892732441],
    [36, 14, 7, "RSpec/NamedSubject: Name your test subject if you need to reference it explicitly.", 1892732441],
    [43, 16, 7, "RSpec/NamedSubject: Name your test subject if you need to reference it explicitly.", 1892732441],
    [51, 16, 7, "RSpec/NamedSubject: Name your test subject if you need to reference it explicitly.", 1892732441],
    [51, 66, 7, "RSpec/NamedSubject: Name your test subject if you need to reference it explicitly.", 1892732441],
    [75, 16, 7, "RSpec/NamedSubject: Name your test subject if you need to reference it explicitly.", 1892732441],
    [75, 66, 7, "RSpec/NamedSubject: Name your test subject if you need to reference it explicitly.", 1892732441],
    [100, 16, 7, "RSpec/NamedSubject: Name your test subject if you need to reference it explicitly.", 1892732441],
    [100, 66, 7, "RSpec/NamedSubject: Name your test subject if you need to reference it explicitly.", 1892732441],
    [125, 16, 7, "RSpec/NamedSubject: Name your test subject if you need to reference it explicitly.", 1892732441],
    [125, 66, 7, "RSpec/NamedSubject: Name your test subject if you need to reference it explicitly.", 1892732441],
    [132, 14, 7, "RSpec/NamedSubject: Name your test subject if you need to reference it explicitly.", 1892732441],
    [138, 14, 7, "RSpec/NamedSubject: Name your test subject if you need to reference it explicitly.", 1892732441],
    [161, 16, 7, "RSpec/NamedSubject: Name your test subject if you need to reference it explicitly.", 1892732441],
    [185, 16, 7, "RSpec/NamedSubject: Name your test subject if you need to reference it explicitly.", 1892732441],
    [209, 16, 7, "RSpec/NamedSubject: Name your test subject if you need to reference it explicitly.", 1892732441],
    [233, 7, 65, "RSpec/RepeatedDescription: Don't repeat descriptions within an example group.", 4062217341],
    [233, 7, 200, "RSpec/RepeatedExample: Don't repeat examples within an example group. Repeated on line(s) 237.", 1608247640],
    [234, 16, 7, "RSpec/NamedSubject: Name your test subject if you need to reference it explicitly.", 1892732441],
    [237, 7, 65, "RSpec/RepeatedDescription: Don't repeat descriptions within an example group.", 4062217341],
    [237, 7, 200, "RSpec/RepeatedExample: Don't repeat examples within an example group. Repeated on line(s) 233.", 1608247640],
    [238, 16, 7, "RSpec/NamedSubject: Name your test subject if you need to reference it explicitly.", 1892732441],
    [243, 11, 22, "RSpec/ContextWording: Context description should match /^when\\b/, /^with\\b/, or /^without\\b/.", 3735183281],
    [244, 13, 25, "RSpec/ContextWording: Context description should match /^when\\b/, /^with\\b/, or /^without\\b/.", 2591915031],
    [247, 7, 40, "RSpec/NestedGroups: Maximum example group nesting exceeded [4/3].", 1066726555],
    [247, 15, 32, "RSpec/ContextWording: Context description should match /^when\\b/, /^with\\b/, or /^without\\b/.", 3913880836],
    [270, 9, 20, "RSpec/NestedGroups: Maximum example group nesting exceeded [5/3].", 2876259857],
    [270, 17, 12, "RSpec/ContextWording: Context description should match /^when\\b/, /^with\\b/, or /^without\\b/.", 2021532558],
    [273, 11, 17, "RSpec/MultipleExpectations: Example has too many expectations [2/1].", 3396671668],
    [274, 50, 7, "RSpec/MessageSpies: Prefer `have_received` for setting message expectations. Setup `Resque::UniqueByArity` as a spy using `allow` or `instance_spy`.", 1384559950],
    [280, 7, 48, "RSpec/NestedGroups: Maximum example group nesting exceeded [4/3].", 578001841],
    [280, 15, 40, "RSpec/ContextWording: Context description should match /^when\\b/, /^with\\b/, or /^without\\b/.", 686095470],
    [303, 9, 20, "RSpec/NestedGroups: Maximum example group nesting exceeded [5/3].", 2876259857],
    [303, 17, 12, "RSpec/ContextWording: Context description should match /^when\\b/, /^with\\b/, or /^without\\b/.", 2021532558],
    [306, 11, 17, "RSpec/MultipleExpectations: Example has too many expectations [2/1].", 3396671668],
    [307, 50, 7, "RSpec/MessageSpies: Prefer `have_received` for setting message expectations. Setup `Resque::UniqueByArity` as a spy using `allow` or `instance_spy`.", 1384559950],
    [313, 7, 31, "RSpec/NestedGroups: Maximum example group nesting exceeded [4/3].", 2411678750],
    [313, 15, 23, "RSpec/ContextWording: Context description should match /^when\\b/, /^with\\b/, or /^without\\b/.", 534380385],
    [336, 9, 20, "RSpec/NestedGroups: Maximum example group nesting exceeded [5/3].", 2876259857],
    [336, 17, 12, "RSpec/ContextWording: Context description should match /^when\\b/, /^with\\b/, or /^without\\b/.", 2021532558],
    [339, 11, 17, "RSpec/MultipleExpectations: Example has too many expectations [2/1].", 3396671668],
    [340, 50, 7, "RSpec/MessageSpies: Prefer `have_received` for setting message expectations. Setup `Resque::UniqueByArity` as a spy using `allow` or `instance_spy`.", 1384559950],
    [347, 13, 27, "RSpec/ContextWording: Context description should match /^when\\b/, /^with\\b/, or /^without\\b/.", 1105605345],
    [350, 7, 40, "RSpec/NestedGroups: Maximum example group nesting exceeded [4/3].", 1066726555],
    [350, 15, 32, "RSpec/ContextWording: Context description should match /^when\\b/, /^with\\b/, or /^without\\b/.", 3913880836],
    [373, 9, 20, "RSpec/NestedGroups: Maximum example group nesting exceeded [5/3].", 2876259857],
    [373, 17, 12, "RSpec/ContextWording: Context description should match /^when\\b/, /^with\\b/, or /^without\\b/.", 2021532558],
    [376, 11, 17, "RSpec/MultipleExpectations: Example has too many expectations [2/1].", 3396671668],
    [377, 50, 7, "RSpec/MessageSpies: Prefer `have_received` for setting message expectations. Setup `Resque::UniqueByArity` as a spy using `allow` or `instance_spy`.", 1384559950],
    [383, 7, 48, "RSpec/NestedGroups: Maximum example group nesting exceeded [4/3].", 578001841],
    [383, 15, 40, "RSpec/ContextWording: Context description should match /^when\\b/, /^with\\b/, or /^without\\b/.", 686095470],
    [406, 9, 20, "RSpec/NestedGroups: Maximum example group nesting exceeded [5/3].", 2876259857],
    [406, 17, 12, "RSpec/ContextWording: Context description should match /^when\\b/, /^with\\b/, or /^without\\b/.", 2021532558],
    [409, 11, 17, "RSpec/MultipleExpectations: Example has too many expectations [2/1].", 3396671668],
    [410, 50, 7, "RSpec/MessageSpies: Prefer `have_received` for setting message expectations. Setup `Resque::UniqueByArity` as a spy using `allow` or `instance_spy`.", 1384559950],
    [416, 7, 31, "RSpec/NestedGroups: Maximum example group nesting exceeded [4/3].", 2411678750],
    [416, 15, 23, "RSpec/ContextWording: Context description should match /^when\\b/, /^with\\b/, or /^without\\b/.", 534380385],
    [439, 9, 20, "RSpec/NestedGroups: Maximum example group nesting exceeded [5/3].", 2876259857],
    [439, 17, 12, "RSpec/ContextWording: Context description should match /^when\\b/, /^with\\b/, or /^without\\b/.", 2021532558],
    [442, 11, 17, "RSpec/MultipleExpectations: Example has too many expectations [2/1].", 3396671668],
    [443, 50, 7, "RSpec/MessageSpies: Prefer `have_received` for setting message expectations. Setup `Resque::UniqueByArity` as a spy using `allow` or `instance_spy`.", 1384559950],
    [450, 13, 30, "RSpec/ContextWording: Context description should match /^when\\b/, /^with\\b/, or /^without\\b/.", 4086390476],
    [453, 7, 40, "RSpec/NestedGroups: Maximum example group nesting exceeded [4/3].", 1066726555],
    [453, 15, 32, "RSpec/ContextWording: Context description should match /^when\\b/, /^with\\b/, or /^without\\b/.", 3913880836],
    [476, 9, 20, "RSpec/NestedGroups: Maximum example group nesting exceeded [5/3].", 2876259857],
    [476, 17, 12, "RSpec/ContextWording: Context description should match /^when\\b/, /^with\\b/, or /^without\\b/.", 2021532558],
    [479, 11, 9, "RSpec/MultipleExpectations: Example has too many expectations [2/1].", 3839029903],
    [480, 46, 7, "RSpec/MessageSpies: Prefer `have_received` for setting message expectations. Setup `Resque::UniqueByArity` as a spy using `allow` or `instance_spy`.", 1384559950],
    [486, 7, 48, "RSpec/NestedGroups: Maximum example group nesting exceeded [4/3].", 578001841],
    [486, 15, 40, "RSpec/ContextWording: Context description should match /^when\\b/, /^with\\b/, or /^without\\b/.", 686095470],
    [509, 9, 20, "RSpec/NestedGroups: Maximum example group nesting exceeded [5/3].", 2876259857],
    [509, 17, 12, "RSpec/ContextWording: Context description should match /^when\\b/, /^with\\b/, or /^without\\b/.", 2021532558],
    [512, 11, 9, "RSpec/MultipleExpectations: Example has too many expectations [2/1].", 3839029903],
    [513, 46, 7, "RSpec/MessageSpies: Prefer `have_received` for setting message expectations. Setup `Resque::UniqueByArity` as a spy using `allow` or `instance_spy`.", 1384559950],
    [519, 7, 31, "RSpec/NestedGroups: Maximum example group nesting exceeded [4/3].", 2411678750],
    [519, 15, 23, "RSpec/ContextWording: Context description should match /^when\\b/, /^with\\b/, or /^without\\b/.", 534380385],
    [542, 9, 20, "RSpec/NestedGroups: Maximum example group nesting exceeded [5/3].", 2876259857],
    [542, 17, 12, "RSpec/ContextWording: Context description should match /^when\\b/, /^with\\b/, or /^without\\b/.", 2021532558],
    [545, 11, 17, "RSpec/MultipleExpectations: Example has too many expectations [2/1].", 3396671668],
    [546, 50, 7, "RSpec/MessageSpies: Prefer `have_received` for setting message expectations. Setup `Resque::UniqueByArity` as a spy using `allow` or `instance_spy`.", 1384559950],
    [553, 13, 28, "RSpec/ContextWording: Context description should match /^when\\b/, /^with\\b/, or /^without\\b/.", 2421936286],
    [556, 7, 40, "RSpec/NestedGroups: Maximum example group nesting exceeded [4/3].", 1066726555],
    [556, 15, 32, "RSpec/ContextWording: Context description should match /^when\\b/, /^with\\b/, or /^without\\b/.", 3913880836],
    [579, 9, 20, "RSpec/NestedGroups: Maximum example group nesting exceeded [5/3].", 2876259857],
    [579, 17, 12, "RSpec/ContextWording: Context description should match /^when\\b/, /^with\\b/, or /^without\\b/.", 2021532558],
    [582, 11, 31, "RSpec/MultipleExpectations: Example has too many expectations [2/1].", 2348725311],
    [583, 50, 7, "RSpec/MessageSpies: Prefer `have_received` for setting message expectations. Setup `Resque::UniqueByArity` as a spy using `allow` or `instance_spy`.", 1384559950],
    [589, 7, 48, "RSpec/NestedGroups: Maximum example group nesting exceeded [4/3].", 578001841],
    [589, 15, 40, "RSpec/ContextWording: Context description should match /^when\\b/, /^with\\b/, or /^without\\b/.", 686095470],
    [612, 9, 20, "RSpec/NestedGroups: Maximum example group nesting exceeded [5/3].", 2876259857],
    [612, 17, 12, "RSpec/ContextWording: Context description should match /^when\\b/, /^with\\b/, or /^without\\b/.", 2021532558],
    [615, 11, 31, "RSpec/MultipleExpectations: Example has too many expectations [2/1].", 2348725311],
    [616, 50, 7, "RSpec/MessageSpies: Prefer `have_received` for setting message expectations. Setup `Resque::UniqueByArity` as a spy using `allow` or `instance_spy`.", 1384559950],
    [622, 7, 31, "RSpec/NestedGroups: Maximum example group nesting exceeded [4/3].", 2411678750],
    [622, 15, 23, "RSpec/ContextWording: Context description should match /^when\\b/, /^with\\b/, or /^without\\b/.", 534380385],
    [645, 9, 20, "RSpec/NestedGroups: Maximum example group nesting exceeded [5/3].", 2876259857],
    [645, 17, 12, "RSpec/ContextWording: Context description should match /^when\\b/, /^with\\b/, or /^without\\b/.", 2021532558],
    [648, 11, 17, "RSpec/MultipleExpectations: Example has too many expectations [2/1].", 3396671668],
    [649, 50, 7, "RSpec/MessageSpies: Prefer `have_received` for setting message expectations. Setup `Resque::UniqueByArity` as a spy using `allow` or `instance_spy`.", 1384559950],
    [656, 13, 36, "RSpec/ContextWording: Context description should match /^when\\b/, /^with\\b/, or /^without\\b/.", 2191759141],
    [659, 7, 40, "RSpec/NestedGroups: Maximum example group nesting exceeded [4/3].", 1066726555],
    [659, 15, 32, "RSpec/ContextWording: Context description should match /^when\\b/, /^with\\b/, or /^without\\b/.", 3913880836],
    [682, 9, 20, "RSpec/NestedGroups: Maximum example group nesting exceeded [5/3].", 2876259857],
    [682, 17, 12, "RSpec/ContextWording: Context description should match /^when\\b/, /^with\\b/, or /^without\\b/.", 2021532558],
    [685, 11, 31, "RSpec/MultipleExpectations: Example has too many expectations [2/1].", 2348725311],
    [686, 50, 7, "RSpec/MessageSpies: Prefer `have_received` for setting message expectations. Setup `Resque::UniqueByArity` as a spy using `allow` or `instance_spy`.", 1384559950],
    [692, 7, 48, "RSpec/NestedGroups: Maximum example group nesting exceeded [4/3].", 578001841],
    [692, 15, 40, "RSpec/ContextWording: Context description should match /^when\\b/, /^with\\b/, or /^without\\b/.", 686095470],
    [715, 9, 20, "RSpec/NestedGroups: Maximum example group nesting exceeded [5/3].", 2876259857],
    [715, 17, 12, "RSpec/ContextWording: Context description should match /^when\\b/, /^with\\b/, or /^without\\b/.", 2021532558],
    [718, 11, 31, "RSpec/MultipleExpectations: Example has too many expectations [2/1].", 2348725311],
    [719, 50, 7, "RSpec/MessageSpies: Prefer `have_received` for setting message expectations. Setup `Resque::UniqueByArity` as a spy using `allow` or `instance_spy`.", 1384559950],
    [725, 7, 31, "RSpec/NestedGroups: Maximum example group nesting exceeded [4/3].", 2411678750],
    [725, 15, 23, "RSpec/ContextWording: Context description should match /^when\\b/, /^with\\b/, or /^without\\b/.", 534380385],
    [748, 9, 22, "RSpec/MultipleExpectations: Example has too many expectations [2/1].", 842233716],
    [749, 48, 7, "RSpec/MessageSpies: Prefer `have_received` for setting message expectations. Setup `Resque::UniqueByArity` as a spy using `allow` or `instance_spy`.", 1384559950],
    [750, 20, 7, "RSpec/NamedSubject: Name your test subject if you need to reference it explicitly.", 1892732441],
    [756, 11, 44, "RSpec/ContextWording: Context description should match /^when\\b/, /^with\\b/, or /^without\\b/.", 1589330411],
    [780, 5, 18, "RSpec/MultipleExpectations: Example has too many expectations [2/1].", 394186609],
    [781, 44, 7, "RSpec/MessageSpies: Prefer `have_received` for setting message expectations. Setup `Resque::UniqueByArity` as a spy using `allow` or `instance_spy`.", 1384559950],
    [787, 13, 26, "RSpec/ContextWording: Context description should match /^when\\b/, /^with\\b/, or /^without\\b/.", 4004164962],
    [810, 16, 7, "RSpec/NamedSubject: Name your test subject if you need to reference it explicitly.", 1892732441]
  ],
  "spec/resque/unique_by_arity/configuration/validator_spec.rb:2833622934": [
    [21, 9, 7, "RSpec/NamedSubject: Name your test subject if you need to reference it explicitly.", 1892732441],
    [39, 9, 7, "RSpec/NamedSubject: Name your test subject if you need to reference it explicitly.", 1892732441],
    [57, 9, 7, "RSpec/NamedSubject: Name your test subject if you need to reference it explicitly.", 1892732441],
    [75, 9, 7, "RSpec/NamedSubject: Name your test subject if you need to reference it explicitly.", 1892732441],
    [93, 9, 7, "RSpec/NamedSubject: Name your test subject if you need to reference it explicitly.", 1892732441],
    [111, 9, 7, "RSpec/NamedSubject: Name your test subject if you need to reference it explicitly.", 1892732441],
    [129, 9, 7, "RSpec/NamedSubject: Name your test subject if you need to reference it explicitly.", 1892732441],
    [147, 9, 7, "RSpec/NamedSubject: Name your test subject if you need to reference it explicitly.", 1892732441]
  ],
  "spec/resque/unique_by_arity/configuration_spec.rb:3356874626": [
    [6, 3, 7283, "RSpec/MultipleMemoizedHelpers: Example group has too many memoized helpers [21/5]", 1697795722],
    [6, 11, 9, "RSpec/ContextWording: Context description should match /^when\\b/, /^with\\b/, or /^without\\b/.", 1185817254],
    [8, 31, 11, "Style/FileNull: Use `File::NULL` instead of `/dev/null`.", 597636425],
    [48, 22, 36, "RSpec/DescribedClass: Use `described_class` instead of `Resque::UniqueByArity::Configuration`.", 620493455],
    [50, 5, 3998, "RSpec/MultipleMemoizedHelpers: Example group has too many memoized helpers [21/5]", 2076782138],
    [57, 7, 23, "RSpec/NestedGroups: Maximum example group nesting exceeded [4/3].", 2735792589],
    [57, 7, 153, "RSpec/MultipleMemoizedHelpers: Example group has too many memoized helpers [21/5]", 701262149],
    [57, 15, 15, "RSpec/ContextWording: Context description should match /^when\\b/, /^with\\b/, or /^without\\b/.", 2528802994],
    [61, 18, 7, "RSpec/NamedSubject: Name your test subject if you need to reference it explicitly.", 1892732441],
    [65, 7, 26, "RSpec/NestedGroups: Maximum example group nesting exceeded [4/3].", 1451974996],
    [65, 7, 165, "RSpec/MultipleMemoizedHelpers: Example group has too many memoized helpers [21/5]", 2081856069],
    [65, 15, 18, "RSpec/ContextWording: Context description should match /^when\\b/, /^with\\b/, or /^without\\b/.", 2238942795],
    [69, 18, 7, "RSpec/NamedSubject: Name your test subject if you need to reference it explicitly.", 1892732441],
    [73, 7, 37, "RSpec/NestedGroups: Maximum example group nesting exceeded [4/3].", 1402159789],
    [73, 7, 209, "RSpec/MultipleMemoizedHelpers: Example group has too many memoized helpers [21/5]", 3728834821],
    [73, 15, 29, "RSpec/ContextWording: Context description should match /^when\\b/, /^with\\b/, or /^without\\b/.", 154477138],
    [77, 18, 7, "RSpec/NamedSubject: Name your test subject if you need to reference it explicitly.", 1892732441],
    [81, 7, 48, "RSpec/NestedGroups: Maximum example group nesting exceeded [4/3].", 1026859396],
    [81, 7, 253, "RSpec/MultipleMemoizedHelpers: Example group has too many memoized helpers [21/5]", 3796040773],
    [81, 15, 40, "RSpec/ContextWording: Context description should match /^when\\b/, /^with\\b/, or /^without\\b/.", 599327707],
    [85, 18, 7, "RSpec/NamedSubject: Name your test subject if you need to reference it explicitly.", 1892732441],
    [89, 7, 46, "RSpec/NestedGroups: Maximum example group nesting exceeded [4/3].", 2585997915],
    [89, 7, 245, "RSpec/MultipleMemoizedHelpers: Example group has too many memoized helpers [21/5]", 1332686725],
    [89, 15, 38, "RSpec/ContextWording: Context description should match /^when\\b/, /^with\\b/, or /^without\\b/.", 2939899908],
    [93, 18, 7, "RSpec/NamedSubject: Name your test subject if you need to reference it explicitly.", 1892732441],
    [97, 7, 51, "RSpec/NestedGroups: Maximum example group nesting exceeded [4/3].", 41179856],
    [97, 7, 265, "RSpec/MultipleMemoizedHelpers: Example group has too many memoized helpers [21/5]", 3015624613],
    [97, 15, 43, "RSpec/ContextWording: Context description should match /^when\\b/, /^with\\b/, or /^without\\b/.", 170912879],
    [101, 18, 7, "RSpec/NamedSubject: Name your test subject if you need to reference it explicitly.", 1892732441],
    [105, 7, 33, "RSpec/NestedGroups: Maximum example group nesting exceeded [4/3].", 1032614906],
    [105, 7, 193, "RSpec/MultipleMemoizedHelpers: Example group has too many memoized helpers [21/5]", 3124988709],
    [105, 15, 25, "RSpec/ContextWording: Context description should match /^when\\b/, /^with\\b/, or /^without\\b/.", 3688052869],
    [109, 18, 7, "RSpec/NamedSubject: Name your test subject if you need to reference it explicitly.", 1892732441],
    [113, 7, 44, "RSpec/NestedGroups: Maximum example group nesting exceeded [4/3].", 2919100254],
    [113, 7, 237, "RSpec/MultipleMemoizedHelpers: Example group has too many memoized helpers [21/5]", 2238339461],
    [113, 15, 36, "RSpec/ContextWording: Context description should match /^when\\b/, /^with\\b/, or /^without\\b/.", 1251439233],
    [117, 18, 7, "RSpec/NamedSubject: Name your test subject if you need to reference it explicitly.", 1892732441],
    [121, 7, 37, "RSpec/NestedGroups: Maximum example group nesting exceeded [4/3].", 722562293],
    [121, 7, 209, "RSpec/MultipleMemoizedHelpers: Example group has too many memoized helpers [21/5]", 611601029],
    [121, 15, 29, "RSpec/ContextWording: Context description should match /^when\\b/, /^with\\b/, or /^without\\b/.", 483046346],
    [125, 18, 7, "RSpec/NamedSubject: Name your test subject if you need to reference it explicitly.", 1892732441],
    [129, 7, 41, "RSpec/NestedGroups: Maximum example group nesting exceeded [4/3].", 3211850876],
    [129, 7, 225, "RSpec/MultipleMemoizedHelpers: Example group has too many memoized helpers [21/5]", 3423640037],
    [129, 15, 33, "RSpec/ContextWording: Context description should match /^when\\b/, /^with\\b/, or /^without\\b/.", 1060734979],
    [133, 18, 7, "RSpec/NamedSubject: Name your test subject if you need to reference it explicitly.", 1892732441],
    [137, 7, 34, "RSpec/NestedGroups: Maximum example group nesting exceeded [4/3].", 3161133795],
    [137, 7, 197, "RSpec/MultipleMemoizedHelpers: Example group has too many memoized helpers [21/5]", 1144505349],
    [137, 15, 26, "RSpec/ContextWording: Context description should match /^when\\b/, /^with\\b/, or /^without\\b/.", 1040824444],
    [141, 18, 7, "RSpec/NamedSubject: Name your test subject if you need to reference it explicitly.", 1892732441],
    [145, 7, 43, "RSpec/NestedGroups: Maximum example group nesting exceeded [4/3].", 1365089249],
    [145, 7, 233, "RSpec/MultipleMemoizedHelpers: Example group has too many memoized helpers [21/5]", 1172076805],
    [145, 15, 35, "RSpec/ContextWording: Context description should match /^when\\b/, /^with\\b/, or /^without\\b/.", 2384448478],
    [149, 18, 7, "RSpec/NamedSubject: Name your test subject if you need to reference it explicitly.", 1892732441],
    [153, 7, 32, "RSpec/NestedGroups: Maximum example group nesting exceeded [4/3].", 3771920828],
    [153, 7, 189, "RSpec/MultipleMemoizedHelpers: Example group has too many memoized helpers [21/5]", 3627524741],
    [153, 15, 24, "RSpec/ContextWording: Context description should match /^when\\b/, /^with\\b/, or /^without\\b/.", 363813027],
    [157, 18, 7, "RSpec/NamedSubject: Name your test subject if you need to reference it explicitly.", 1892732441],
    [161, 7, 41, "RSpec/NestedGroups: Maximum example group nesting exceeded [4/3].", 1683459230],
    [161, 7, 225, "RSpec/MultipleMemoizedHelpers: Example group has too many memoized helpers [21/5]", 3017295461],
    [161, 15, 33, "RSpec/ContextWording: Context description should match /^when\\b/, /^with\\b/, or /^without\\b/.", 3162109729],
    [165, 18, 7, "RSpec/NamedSubject: Name your test subject if you need to reference it explicitly.", 1892732441],
    [169, 7, 37, "RSpec/NestedGroups: Maximum example group nesting exceeded [4/3].", 3570779095],
    [169, 7, 209, "RSpec/MultipleMemoizedHelpers: Example group has too many memoized helpers [21/5]", 2277455493],
    [169, 15, 29, "RSpec/ContextWording: Context description should match /^when\\b/, /^with\\b/, or /^without\\b/.", 1935263592],
    [173, 18, 7, "RSpec/NamedSubject: Name your test subject if you need to reference it explicitly.", 1892732441],
    [177, 7, 27, "RSpec/NestedGroups: Maximum example group nesting exceeded [4/3].", 4096001908],
    [177, 7, 518, "RSpec/MultipleMemoizedHelpers: Example group has too many memoized helpers [21/5]", 2602151206],
    [177, 15, 19, "RSpec/ContextWording: Context description should match /^when\\b/, /^with\\b/, or /^without\\b/.", 110410251],
    [181, 18, 7, "RSpec/NamedSubject: Name your test subject if you need to reference it explicitly.", 1892732441],
    [184, 9, 29, "RSpec/NestedGroups: Maximum example group nesting exceeded [5/3].", 806707167],
    [184, 9, 168, "RSpec/MultipleMemoizedHelpers: Example group has too many memoized helpers [21/5]", 4021415173],
    [184, 17, 21, "RSpec/ContextWording: Context description should match /^when\\b/, /^with\\b/, or /^without\\b/.", 1638840096],
    [188, 20, 7, "RSpec/NamedSubject: Name your test subject if you need to reference it explicitly.", 1892732441],
    [192, 9, 29, "RSpec/NestedGroups: Maximum example group nesting exceeded [5/3].", 315030477],
    [192, 9, 166, "RSpec/MultipleMemoizedHelpers: Example group has too many memoized helpers [21/5]", 123749724],
    [192, 17, 21, "RSpec/ContextWording: Context description should match /^when\\b/, /^with\\b/, or /^without\\b/.", 2130508338],
    [196, 20, 7, "RSpec/NamedSubject: Name your test subject if you need to reference it explicitly.", 1892732441],
    [202, 5, 201, "RSpec/MultipleMemoizedHelpers: Example group has too many memoized helpers [21/5]", 2973507649],
    [205, 7, 10, "RSpec/MultipleExpectations: Example has too many expectations [2/1].", 1095999310],
    [206, 27, 7, "RSpec/MessageSpies: Prefer `have_received` for setting message expectations. Setup `logger` as a spy using `allow` or `instance_spy`.", 1384559950],
    [211, 5, 1021, "RSpec/MultipleMemoizedHelpers: Example group has too many memoized helpers [21/5]", 3614108767],
    [218, 7, 862, "RSpec/ExampleLength: Example has too many lines. [17/5]", 1747404013],
    [219, 16, 7, "RSpec/NamedSubject: Name your test subject if you need to reference it explicitly.", 1892732441],
    [239, 5, 192, "RSpec/MultipleMemoizedHelpers: Example group has too many memoized helpers [21/5]", 841580350],
    [243, 16, 7, "RSpec/NamedSubject: Name your test subject if you need to reference it explicitly.", 1892732441]
  ],
  "spec/resque/unique_by_arity/uniq_job_spec.rb:1452233256": [
    [3, 1, 47, "RSpec/SpecFilePathFormat: Spec path should end with `resque/unique_by_arity/unique_job*_spec.rb`.", 649700927],
    [3, 1, 2970, "RSpec/MultipleMemoizedHelpers: Example group has too many memoized helpers [7/5]", 2676731939],
    [6, 29, 11, "Style/FileNull: Use `File::NULL` instead of `/dev/null`.", 597636425],
    [36, 3, 431, "RSpec/MultipleMemoizedHelpers: Example group has too many memoized helpers [8/5]", 3645349874],
    [41, 5, 138, "RSpec/MultipleMemoizedHelpers: Example group has too many memoized helpers [8/5]", 266367624],
    [41, 13, 15, "RSpec/ContextWording: Context description should match /^when\\b/, /^with\\b/, or /^without\\b/.", 607647433],
    [43, 27, 7, "RSpec/MessageSpies: Prefer `have_received` for setting message expectations. Setup `logger` as a spy using `allow` or `instance_spy`.", 1384559950],
    [44, 9, 7, "RSpec/NamedSubject: Name your test subject if you need to reference it explicitly.", 1892732441],
    [48, 5, 168, "RSpec/MultipleMemoizedHelpers: Example group has too many memoized helpers [8/5]", 177977318],
    [48, 13, 19, "RSpec/ContextWording: Context description should match /^when\\b/, /^with\\b/, or /^without\\b/.", 979213212],
    [52, 31, 7, "RSpec/MessageSpies: Prefer `have_received` for setting message expectations. Setup `logger` as a spy using `allow` or `instance_spy`.", 1384559950],
    [53, 9, 7, "RSpec/NamedSubject: Name your test subject if you need to reference it explicitly.", 1892732441],
    [58, 3, 910, "RSpec/MultipleMemoizedHelpers: Example group has too many memoized helpers [8/5]", 420023467],
    [63, 5, 567, "RSpec/MultipleMemoizedHelpers: Example group has too many memoized helpers [8/5]", 3230655549],
    [63, 13, 15, "RSpec/ContextWording: Context description should match /^when\\b/, /^with\\b/, or /^without\\b/.", 607647433],
    [64, 7, 26, "RSpec/NestedGroups: Maximum example group nesting exceeded [4/3].", 1402822828],
    [64, 7, 284, "RSpec/MultipleMemoizedHelpers: Example group has too many memoized helpers [8/5]", 2849048109],
    [64, 15, 18, "RSpec/ContextWording: Context description should match /^when\\b/, /^with\\b/, or /^without\\b/.", 2889461235],
    [67, 9, 18, "RSpec/MultipleExpectations: Example has too many expectations [2/1].", 933981573],
    [68, 33, 7, "RSpec/MessageSpies: Prefer `have_received` for setting message expectations. Setup `logger` as a spy using `allow` or `instance_spy`.", 1384559950],
    [69, 29, 7, "RSpec/MessageSpies: Prefer `have_received` for setting message expectations. Setup `logger` as a spy using `allow` or `instance_spy`.", 1384559950],
    [70, 11, 7, "RSpec/NamedSubject: Name your test subject if you need to reference it explicitly.", 1892732441],
    [74, 7, 27, "RSpec/NestedGroups: Maximum example group nesting exceeded [4/3].", 3343473602],
    [74, 7, 234, "RSpec/MultipleMemoizedHelpers: Example group has too many memoized helpers [8/5]", 2992403683],
    [74, 15, 19, "RSpec/ContextWording: Context description should match /^when\\b/, /^with\\b/, or /^without\\b/.", 862947005],
    [77, 9, 17, "RSpec/MultipleExpectations: Example has too many expectations [2/1].", 3396671668],
    [78, 33, 7, "RSpec/MessageSpies: Prefer `have_received` for setting message expectations. Setup `logger` as a spy using `allow` or `instance_spy`.", 1384559950],
    [79, 33, 7, "RSpec/MessageSpies: Prefer `have_received` for setting message expectations. Setup `logger` as a spy using `allow` or `instance_spy`.", 1384559950],
    [80, 11, 7, "RSpec/NamedSubject: Name your test subject if you need to reference it explicitly.", 1892732441],
    [85, 5, 214, "RSpec/MultipleMemoizedHelpers: Example group has too many memoized helpers [8/5]", 3028988973],
    [85, 13, 19, "RSpec/ContextWording: Context description should match /^when\\b/, /^with\\b/, or /^without\\b/.", 979213212],
    [88, 7, 17, "RSpec/MultipleExpectations: Example has too many expectations [2/1].", 3396671668],
    [89, 31, 7, "RSpec/MessageSpies: Prefer `have_received` for setting message expectations. Setup `logger` as a spy using `allow` or `instance_spy`.", 1384559950],
    [90, 31, 7, "RSpec/MessageSpies: Prefer `have_received` for setting message expectations. Setup `logger` as a spy using `allow` or `instance_spy`.", 1384559950],
    [91, 9, 7, "RSpec/NamedSubject: Name your test subject if you need to reference it explicitly.", 1892732441],
    [96, 3, 260, "RSpec/MultipleMemoizedHelpers: Example group has too many memoized helpers [8/5]", 94547571],
    [106, 3, 426, "RSpec/MultipleMemoizedHelpers: Example group has too many memoized helpers [7/5]", 3050098850],
    [110, 7, 7, "RSpec/NamedSubject: Name your test subject if you need to reference it explicitly.", 1892732441],
    [114, 5, 216, "RSpec/MultipleMemoizedHelpers: Example group has too many memoized helpers [7/5]", 3707679505],
    [118, 9, 7, "RSpec/NamedSubject: Name your test subject if you need to reference it explicitly.", 1892732441],
    [124, 3, 211, "RSpec/MultipleMemoizedHelpers: Example group has too many memoized helpers [7/5]", 1280629218],
    [132, 14, 7, "RSpec/NamedSubject: Name your test subject if you need to reference it explicitly.", 1892732441]
  ],
  "spec/resque/unique_by_arity_spec.rb:2874759672": [
    [8, 11, 15, "RSpec/ContextWording: Context description should match /^when\\b/, /^with\\b/, or /^without\\b/.", 2516718581],
    [14, 14, 21, "RSpec/DescribedClass: Use `described_class` instead of `Resque::UniqueByArity`.", 1178106335],
    [14, 61, 2, "RSpec/BeEq: Prefer `be` over `eq`.", 5860785],
    [18, 14, 21, "RSpec/DescribedClass: Use `described_class` instead of `Resque::UniqueByArity`.", 1178106335],
    [22, 14, 21, "RSpec/DescribedClass: Use `described_class` instead of `Resque::UniqueByArity`.", 1178106335],
    [22, 75, 2, "RSpec/BeEq: Prefer `be` over `eq`.", 5860785],
    [26, 14, 21, "RSpec/DescribedClass: Use `described_class` instead of `Resque::UniqueByArity`.", 1178106335],
    [26, 86, 2, "RSpec/BeEq: Prefer `be` over `eq`.", 5860785],
    [30, 14, 21, "RSpec/DescribedClass: Use `described_class` instead of `Resque::UniqueByArity`.", 1178106335],
    [30, 84, 2, "RSpec/BeEq: Prefer `be` over `eq`.", 5860785],
    [34, 14, 21, "RSpec/DescribedClass: Use `described_class` instead of `Resque::UniqueByArity`.", 1178106335],
    [34, 89, 2, "RSpec/BeEq: Prefer `be` over `eq`.", 5860785],
    [38, 14, 21, "RSpec/DescribedClass: Use `described_class` instead of `Resque::UniqueByArity`.", 1178106335],
    [38, 71, 2, "RSpec/BeEq: Prefer `be` over `eq`.", 5860785],
    [42, 14, 21, "RSpec/DescribedClass: Use `described_class` instead of `Resque::UniqueByArity`.", 1178106335],
    [46, 14, 21, "RSpec/DescribedClass: Use `described_class` instead of `Resque::UniqueByArity`.", 1178106335],
    [50, 14, 21, "RSpec/DescribedClass: Use `described_class` instead of `Resque::UniqueByArity`.", 1178106335],
    [54, 14, 21, "RSpec/DescribedClass: Use `described_class` instead of `Resque::UniqueByArity`.", 1178106335],
    [58, 14, 21, "RSpec/DescribedClass: Use `described_class` instead of `Resque::UniqueByArity`.", 1178106335],
    [62, 14, 21, "RSpec/DescribedClass: Use `described_class` instead of `Resque::UniqueByArity`.", 1178106335],
    [62, 72, 2, "RSpec/BeEq: Prefer `be` over `eq`.", 5860785],
    [66, 14, 21, "RSpec/DescribedClass: Use `described_class` instead of `Resque::UniqueByArity`.", 1178106335],
    [66, 70, 2, "RSpec/BeEq: Prefer `be` over `eq`.", 5860785],
    [70, 14, 21, "RSpec/DescribedClass: Use `described_class` instead of `Resque::UniqueByArity`.", 1178106335],
    [70, 75, 2, "RSpec/BeEq: Prefer `be` over `eq`.", 5860785],
    [74, 14, 21, "RSpec/DescribedClass: Use `described_class` instead of `Resque::UniqueByArity`.", 1178106335],
    [78, 14, 21, "RSpec/DescribedClass: Use `described_class` instead of `Resque::UniqueByArity`.", 1178106335],
    [78, 65, 2, "RSpec/BeEq: Prefer `be` over `eq`.", 5860785],
    [97, 16, 21, "RSpec/DescribedClass: Use `described_class` instead of `Resque::UniqueByArity`.", 1178106335],
    [101, 5, 3405, "RSpec/MultipleMemoizedHelpers: Example group has too many memoized helpers [15/5]", 2954192765],
    [101, 13, 8, "RSpec/ContextWording: Context description should match /^when\\b/, /^with\\b/, or /^without\\b/.", 3348742414],
    [102, 33, 11, "Style/FileNull: Use `File::NULL` instead of `/dev/null`.", 597636425],
    [119, 9, 21, "RSpec/DescribedClass: Use `described_class` instead of `Resque::UniqueByArity`.", 1178106335],
    [144, 7, 9, "RSpec/MultipleExpectations: Example has too many expectations [15/1].", 3825924873],
    [144, 7, 1527, "RSpec/ExampleLength: Example has too many lines. [15/5]", 917838380],
    [145, 16, 21, "RSpec/DescribedClass: Use `described_class` instead of `Resque::UniqueByArity`.", 1178106335],
    [146, 16, 21, "RSpec/DescribedClass: Use `described_class` instead of `Resque::UniqueByArity`.", 1178106335],
    [147, 16, 21, "RSpec/DescribedClass: Use `described_class` instead of `Resque::UniqueByArity`.", 1178106335],
    [148, 16, 21, "RSpec/DescribedClass: Use `described_class` instead of `Resque::UniqueByArity`.", 1178106335],
    [149, 16, 21, "RSpec/DescribedClass: Use `described_class` instead of `Resque::UniqueByArity`.", 1178106335],
    [150, 16, 21, "RSpec/DescribedClass: Use `described_class` instead of `Resque::UniqueByArity`.", 1178106335],
    [151, 16, 21, "RSpec/DescribedClass: Use `described_class` instead of `Resque::UniqueByArity`.", 1178106335],
    [152, 16, 21, "RSpec/DescribedClass: Use `described_class` instead of `Resque::UniqueByArity`.", 1178106335],
    [153, 16, 21, "RSpec/DescribedClass: Use `described_class` instead of `Resque::UniqueByArity`.", 1178106335],
    [154, 16, 21, "RSpec/DescribedClass: Use `described_class` instead of `Resque::UniqueByArity`.", 1178106335],
    [155, 16, 21, "RSpec/DescribedClass: Use `described_class` instead of `Resque::UniqueByArity`.", 1178106335],
    [156, 16, 21, "RSpec/DescribedClass: Use `described_class` instead of `Resque::UniqueByArity`.", 1178106335],
    [157, 16, 21, "RSpec/DescribedClass: Use `described_class` instead of `Resque::UniqueByArity`.", 1178106335],
    [158, 16, 21, "RSpec/DescribedClass: Use `described_class` instead of `Resque::UniqueByArity`.", 1178106335],
    [159, 16, 21, "RSpec/DescribedClass: Use `described_class` instead of `Resque::UniqueByArity`.", 1178106335],
    [164, 11, 9, "RSpec/ContextWording: Context description should match /^when\\b/, /^with\\b/, or /^without\\b/.", 1185817254],
    [166, 31, 11, "Style/FileNull: Use `File::NULL` instead of `/dev/null`.", 597636425],
    [169, 17, 21, "RSpec/DescribedClass: Use `described_class` instead of `Resque::UniqueByArity`.", 1178106335],
    [171, 7, 10, "RSpec/MultipleExpectations: Example has too many expectations [2/1].", 1095999310],
    [172, 27, 7, "RSpec/MessageSpies: Prefer `have_received` for setting message expectations. Setup `logger` as a spy using `allow` or `instance_spy`.", 1384559950],
    [178, 7, 33, "RSpec/NestedGroups: Maximum example group nesting exceeded [4/3].", 1752510592],
    [179, 19, 21, "RSpec/DescribedClass: Use `described_class` instead of `Resque::UniqueByArity`.", 1178106335],
    [181, 9, 10, "RSpec/MultipleExpectations: Example has too many expectations [2/1].", 1095999310],
    [182, 29, 7, "RSpec/MessageSpies: Prefer `have_received` for setting message expectations. Setup `logger` as a spy using `allow` or `instance_spy`.", 1384559950],
    [187, 7, 34, "RSpec/NestedGroups: Maximum example group nesting exceeded [4/3].", 2837390571],
    [190, 9, 10, "RSpec/MultipleExpectations: Example has too many expectations [2/1].", 1095999310],
    [191, 33, 7, "RSpec/MessageSpies: Prefer `have_received` for setting message expectations. Setup `logger` as a spy using `allow` or `instance_spy`.", 1384559950]
  ],
  "spec/spec_helper.rb:3511108595": [
    [41, 24, 14, "RSpec/ContextWording: Context description should match /^when\\b/, /^with\\b/, or /^without\\b/.", 379550510]
  ]
}
